
Microsoft Visual Studio Solution File, Format Version 12.00
# Visual Studio Version 17
VisualStudioVersion = 17.7.34031.279
MinimumVisualStudioVersion = 10.0.40219.1
Project("{2150E333-8FDC-42A3-9474-1A3956D46DE8}") = "Week3", "Week3", "{A411BD6B-E177-46BD-B990-F7BFC5D00975}"
EndProject
Project("{FAE04EC0-301F-11D3-BF4B-00C04F79EFBC}") = "Freelancer", "Week3\Freelancer\Freelancer.csproj", "{7293508E-4E45-4F9F-B06B-7B5B8A49D03A}"
EndProject
Global
	GlobalSection(SolutionConfigurationPlatforms) = preSolution
		Debug|Any CPU = Debug|Any CPU
		Release|Any CPU = Release|Any CPU
	EndGlobalSection
	GlobalSection(ProjectConfigurationPlatforms) = postSolution
		{7293508E-4E45-4F9F-B06B-7B5B8A49D03A}.Debug|Any CPU.ActiveCfg = Debug|Any CPU
		{7293508E-4E45-4F9F-B06B-7B5B8A49D03A}.Debug|Any CPU.Build.0 = Debug|Any CPU
		{7293508E-4E45-4F9F-B06B-7B5B8A49D03A}.Release|Any CPU.ActiveCfg = Release|Any CPU
		{7293508E-4E45-4F9F-B06B-7B5B8A49D03A}.Release|Any CPU.Build.0 = Release|Any CPU
	EndGlobalSection
	GlobalSection(SolutionProperties) = preSolution
		HideSolutionNode = FALSE
	EndGlobalSection
	GlobalSection(NestedProjects) = preSolution
		{7293508E-4E45-4F9F-B06B-7B5B8A49D03A} = {A411BD6B-E177-46BD-B990-F7BFC5D00975}
	EndGlobalSection
	GlobalSection(ExtensibilityGlobals) = postSolution
		SolutionGuid = {88DA4F05-064B-4378-8414-8D7C8567AA00}
	EndGlobalSection
EndGlobal
