
Microsoft Visual Studio Solution File, Format Version 12.00
# Visual Studio Version 17
VisualStudioVersion = 17.7.34031.279
MinimumVisualStudioVersion = 10.0.40219.1
Project("{2150E333-8FDC-42A3-9474-1A3956D46DE8}") = "Week3", "Week3", "{A411BD6B-E177-46BD-B990-F7BFC5D00975}"
EndProject
Project("{9A19103F-16F7-4668-BE54-9A1E7A4F7556}") = "Freelancer", "Week3\Freelancer\Freelancer.csproj", "{7293508E-4E45-4F9F-B06B-7B5B8A49D03A}"
EndProject
Project("{2150E333-8FDC-42A3-9474-1A3956D46DE8}") = "Week4", "Week4", "{BF33913B-209A-4B2D-9F97-FD5C2846D473}"
EndProject
Project("{9A19103F-16F7-4668-BE54-9A1E7A4F7556}") = "LinqMethods", "Week4\LinqMethods\LinqMethods.csproj", "{9B16A90E-2C66-4959-81FB-B8E090CF214A}"
EndProject
Project("{9A19103F-16F7-4668-BE54-9A1E7A4F7556}") = "EFCore", "Week4\EFCore\EFCore.csproj", "{628F926A-674F-4555-BD05-3892F60369EC}"
EndProject
Project("{2150E333-8FDC-42A3-9474-1A3956D46DE8}") = "Week5", "Week5", "{433AD0B9-1E4F-4C9B-B9DD-56B3C6917142}"
EndProject
Project("{9A19103F-16F7-4668-BE54-9A1E7A4F7556}") = "YetGenAkbankJump.MVCClient", "YetGenAkbankJump.MVCClient\YetGenAkbankJump.MVCClient.csproj", "{2D2F029A-D548-4DCE-BB80-02CA037FB15F}"
	ProjectSection(ProjectDependencies) = postProject
		{3BF55085-987D-4CEE-8C55-2F16EE8A5208} = {3BF55085-987D-4CEE-8C55-2F16EE8A5208}
		{620E4462-EF24-4578-8C12-8E7D688D4854} = {620E4462-EF24-4578-8C12-8E7D688D4854}
	EndProjectSection
EndProject
Project("{FAE04EC0-301F-11D3-BF4B-00C04F79EFBC}") = "YetGenAkbankJump.Shared", "YetGenAkbankJump.Shared\YetGenAkbankJump.Shared.csproj", "{620E4462-EF24-4578-8C12-8E7D688D4854}"
EndProject
Project("{FAE04EC0-301F-11D3-BF4B-00C04F79EFBC}") = "YetGenAkbnakJump.Domain", "YetGenAkbnakJump.Domain\YetGenAkbnakJump.Domain.csproj", "{3BF55085-987D-4CEE-8C55-2F16EE8A5208}"
EndProject
Global
	GlobalSection(SolutionConfigurationPlatforms) = preSolution
		Debug|Any CPU = Debug|Any CPU
		Release|Any CPU = Release|Any CPU
	EndGlobalSection
	GlobalSection(ProjectConfigurationPlatforms) = postSolution
		{7293508E-4E45-4F9F-B06B-7B5B8A49D03A}.Debug|Any CPU.ActiveCfg = Debug|Any CPU
		{7293508E-4E45-4F9F-B06B-7B5B8A49D03A}.Debug|Any CPU.Build.0 = Debug|Any CPU
		{7293508E-4E45-4F9F-B06B-7B5B8A49D03A}.Release|Any CPU.ActiveCfg = Release|Any CPU
		{7293508E-4E45-4F9F-B06B-7B5B8A49D03A}.Release|Any CPU.Build.0 = Release|Any CPU
		{9B16A90E-2C66-4959-81FB-B8E090CF214A}.Debug|Any CPU.ActiveCfg = Debug|Any CPU
		{9B16A90E-2C66-4959-81FB-B8E090CF214A}.Debug|Any CPU.Build.0 = Debug|Any CPU
		{9B16A90E-2C66-4959-81FB-B8E090CF214A}.Release|Any CPU.ActiveCfg = Release|Any CPU
		{9B16A90E-2C66-4959-81FB-B8E090CF214A}.Release|Any CPU.Build.0 = Release|Any CPU
		{628F926A-674F-4555-BD05-3892F60369EC}.Debug|Any CPU.ActiveCfg = Debug|Any CPU
		{628F926A-674F-4555-BD05-3892F60369EC}.Debug|Any CPU.Build.0 = Debug|Any CPU
		{628F926A-674F-4555-BD05-3892F60369EC}.Release|Any CPU.ActiveCfg = Release|Any CPU
		{628F926A-674F-4555-BD05-3892F60369EC}.Release|Any CPU.Build.0 = Release|Any CPU
		{2D2F029A-D548-4DCE-BB80-02CA037FB15F}.Debug|Any CPU.ActiveCfg = Debug|Any CPU
		{2D2F029A-D548-4DCE-BB80-02CA037FB15F}.Debug|Any CPU.Build.0 = Debug|Any CPU
		{2D2F029A-D548-4DCE-BB80-02CA037FB15F}.Release|Any CPU.ActiveCfg = Release|Any CPU
		{2D2F029A-D548-4DCE-BB80-02CA037FB15F}.Release|Any CPU.Build.0 = Release|Any CPU
		{620E4462-EF24-4578-8C12-8E7D688D4854}.Debug|Any CPU.ActiveCfg = Debug|Any CPU
		{620E4462-EF24-4578-8C12-8E7D688D4854}.Debug|Any CPU.Build.0 = Debug|Any CPU
		{620E4462-EF24-4578-8C12-8E7D688D4854}.Release|Any CPU.ActiveCfg = Release|Any CPU
		{620E4462-EF24-4578-8C12-8E7D688D4854}.Release|Any CPU.Build.0 = Release|Any CPU
		{3BF55085-987D-4CEE-8C55-2F16EE8A5208}.Debug|Any CPU.ActiveCfg = Debug|Any CPU
		{3BF55085-987D-4CEE-8C55-2F16EE8A5208}.Debug|Any CPU.Build.0 = Debug|Any CPU
		{3BF55085-987D-4CEE-8C55-2F16EE8A5208}.Release|Any CPU.ActiveCfg = Release|Any CPU
		{3BF55085-987D-4CEE-8C55-2F16EE8A5208}.Release|Any CPU.Build.0 = Release|Any CPU
	EndGlobalSection
	GlobalSection(SolutionProperties) = preSolution
		HideSolutionNode = FALSE
	EndGlobalSection
	GlobalSection(NestedProjects) = preSolution
		{7293508E-4E45-4F9F-B06B-7B5B8A49D03A} = {A411BD6B-E177-46BD-B990-F7BFC5D00975}
		{9B16A90E-2C66-4959-81FB-B8E090CF214A} = {BF33913B-209A-4B2D-9F97-FD5C2846D473}
		{628F926A-674F-4555-BD05-3892F60369EC} = {BF33913B-209A-4B2D-9F97-FD5C2846D473}
		{2D2F029A-D548-4DCE-BB80-02CA037FB15F} = {433AD0B9-1E4F-4C9B-B9DD-56B3C6917142}
		{620E4462-EF24-4578-8C12-8E7D688D4854} = {433AD0B9-1E4F-4C9B-B9DD-56B3C6917142}
	EndGlobalSection
	GlobalSection(ExtensibilityGlobals) = postSolution
		SolutionGuid = {88DA4F05-064B-4378-8414-8D7C8567AA00}
	EndGlobalSection
EndGlobal
